
Microsoft Visual Studio Solution File, Format Version 12.00
# Visual Studio Version 16
VisualStudioVersion = 16.0.31112.23
MinimumVisualStudioVersion = 10.0.40219.1
Project("{FAE04EC0-301F-11D3-BF4B-00C04F79EFBC}") = "tentativa 2", "tentativa 2\tentativa 2.csproj", "{81DC9F29-595F-4FCC-AB19-EC53D7E115CC}"
EndProject
Global
	GlobalSection(SolutionConfigurationPlatforms) = preSolution
		Debug|Any CPU = Debug|Any CPU
		Release|Any CPU = Release|Any CPU
	EndGlobalSection
	GlobalSection(ProjectConfigurationPlatforms) = postSolution
		{81DC9F29-595F-4FCC-AB19-EC53D7E115CC}.Debug|Any CPU.ActiveCfg = Debug|Any CPU
		{81DC9F29-595F-4FCC-AB19-EC53D7E115CC}.Debug|Any CPU.Build.0 = Debug|Any CPU
		{81DC9F29-595F-4FCC-AB19-EC53D7E115CC}.Release|Any CPU.ActiveCfg = Release|Any CPU
		{81DC9F29-595F-4FCC-AB19-EC53D7E115CC}.Release|Any CPU.Build.0 = Release|Any CPU
	EndGlobalSection
	GlobalSection(SolutionProperties) = preSolution
		HideSolutionNode = FALSE
	EndGlobalSection
	GlobalSection(ExtensibilityGlobals) = postSolution
		SolutionGuid = {0A084302-AFA8-4B81-AC93-05D8D2BC5909}
	EndGlobalSection
EndGlobal
