
Microsoft Visual Studio Solution File, Format Version 12.00
# Visual Studio Version 16
VisualStudioVersion = 16.0.31112.23
MinimumVisualStudioVersion = 10.0.40219.1
Project("{FAE04EC0-301F-11D3-BF4B-00C04F79EFBC}") = "exercicios pessoal", "exercicios pessoal\exercicios pessoal.csproj", "{AE6BCC3E-BA1B-471F-B13D-B3E7D96D70DD}"
EndProject
Global
	GlobalSection(SolutionConfigurationPlatforms) = preSolution
		Debug|Any CPU = Debug|Any CPU
		Release|Any CPU = Release|Any CPU
	EndGlobalSection
	GlobalSection(ProjectConfigurationPlatforms) = postSolution
		{AE6BCC3E-BA1B-471F-B13D-B3E7D96D70DD}.Debug|Any CPU.ActiveCfg = Debug|Any CPU
		{AE6BCC3E-BA1B-471F-B13D-B3E7D96D70DD}.Debug|Any CPU.Build.0 = Debug|Any CPU
		{AE6BCC3E-BA1B-471F-B13D-B3E7D96D70DD}.Release|Any CPU.ActiveCfg = Release|Any CPU
		{AE6BCC3E-BA1B-471F-B13D-B3E7D96D70DD}.Release|Any CPU.Build.0 = Release|Any CPU
	EndGlobalSection
	GlobalSection(SolutionProperties) = preSolution
		HideSolutionNode = FALSE
	EndGlobalSection
	GlobalSection(ExtensibilityGlobals) = postSolution
		SolutionGuid = {3C6B182E-EF2B-4387-B7F7-5F2A14D05329}
	EndGlobalSection
EndGlobal
