
Microsoft Visual Studio Solution File, Format Version 12.00
# Visual Studio Version 16
VisualStudioVersion = 16.0.31112.23
MinimumVisualStudioVersion = 10.0.40219.1
Project("{FAE04EC0-301F-11D3-BF4B-00C04F79EFBC}") = "matriz", "matriz\matriz.csproj", "{7ED502CC-ABC6-4B26-ACD7-56E4575425BC}"
EndProject
Global
	GlobalSection(SolutionConfigurationPlatforms) = preSolution
		Debug|Any CPU = Debug|Any CPU
		Release|Any CPU = Release|Any CPU
	EndGlobalSection
	GlobalSection(ProjectConfigurationPlatforms) = postSolution
		{7ED502CC-ABC6-4B26-ACD7-56E4575425BC}.Debug|Any CPU.ActiveCfg = Debug|Any CPU
		{7ED502CC-ABC6-4B26-ACD7-56E4575425BC}.Debug|Any CPU.Build.0 = Debug|Any CPU
		{7ED502CC-ABC6-4B26-ACD7-56E4575425BC}.Release|Any CPU.ActiveCfg = Release|Any CPU
		{7ED502CC-ABC6-4B26-ACD7-56E4575425BC}.Release|Any CPU.Build.0 = Release|Any CPU
	EndGlobalSection
	GlobalSection(SolutionProperties) = preSolution
		HideSolutionNode = FALSE
	EndGlobalSection
	GlobalSection(ExtensibilityGlobals) = postSolution
		SolutionGuid = {73833F47-5FF7-43EC-B400-32194EFE6EF3}
	EndGlobalSection
EndGlobal
