
Microsoft Visual Studio Solution File, Format Version 12.00
# Visual Studio Version 16
VisualStudioVersion = 16.0.31112.23
MinimumVisualStudioVersion = 10.0.40219.1
Project("{FAE04EC0-301F-11D3-BF4B-00C04F79EFBC}") = "classe 1", "classe 1\classe 1.csproj", "{DA195BF1-ED86-470F-9B96-F5C179353C20}"
EndProject
Global
	GlobalSection(SolutionConfigurationPlatforms) = preSolution
		Debug|Any CPU = Debug|Any CPU
		Release|Any CPU = Release|Any CPU
	EndGlobalSection
	GlobalSection(ProjectConfigurationPlatforms) = postSolution
		{DA195BF1-ED86-470F-9B96-F5C179353C20}.Debug|Any CPU.ActiveCfg = Debug|Any CPU
		{DA195BF1-ED86-470F-9B96-F5C179353C20}.Debug|Any CPU.Build.0 = Debug|Any CPU
		{DA195BF1-ED86-470F-9B96-F5C179353C20}.Release|Any CPU.ActiveCfg = Release|Any CPU
		{DA195BF1-ED86-470F-9B96-F5C179353C20}.Release|Any CPU.Build.0 = Release|Any CPU
	EndGlobalSection
	GlobalSection(SolutionProperties) = preSolution
		HideSolutionNode = FALSE
	EndGlobalSection
	GlobalSection(ExtensibilityGlobals) = postSolution
		SolutionGuid = {62C32E06-9C7A-4FFF-B64E-BEB368C5FF66}
	EndGlobalSection
EndGlobal
