
Microsoft Visual Studio Solution File, Format Version 12.00
# Visual Studio Version 16
VisualStudioVersion = 16.0.31112.23
MinimumVisualStudioVersion = 10.0.40219.1
Project("{FAE04EC0-301F-11D3-BF4B-00C04F79EFBC}") = "conversor de moedas", "conversor de moedas\conversor de moedas.csproj", "{45152817-327D-4F94-A5A2-018FD77DDEF2}"
EndProject
Global
	GlobalSection(SolutionConfigurationPlatforms) = preSolution
		Debug|Any CPU = Debug|Any CPU
		Release|Any CPU = Release|Any CPU
	EndGlobalSection
	GlobalSection(ProjectConfigurationPlatforms) = postSolution
		{45152817-327D-4F94-A5A2-018FD77DDEF2}.Debug|Any CPU.ActiveCfg = Debug|Any CPU
		{45152817-327D-4F94-A5A2-018FD77DDEF2}.Debug|Any CPU.Build.0 = Debug|Any CPU
		{45152817-327D-4F94-A5A2-018FD77DDEF2}.Release|Any CPU.ActiveCfg = Release|Any CPU
		{45152817-327D-4F94-A5A2-018FD77DDEF2}.Release|Any CPU.Build.0 = Release|Any CPU
	EndGlobalSection
	GlobalSection(SolutionProperties) = preSolution
		HideSolutionNode = FALSE
	EndGlobalSection
	GlobalSection(ExtensibilityGlobals) = postSolution
		SolutionGuid = {F1875918-5EB8-460A-88D7-E6FE468A9F6C}
	EndGlobalSection
EndGlobal
